
Microsoft Visual Studio Solution File, Format Version 12.00
# Visual Studio 14
VisualStudioVersion = 14.0.25420.1
MinimumVisualStudioVersion = 10.0.40219.1
Project("{FAE04EC0-301F-11D3-BF4B-00C04F79EFBC}") = "MinecraftRegion.Business", "MinecraftRegion.Business\MinecraftRegion.Business.csproj", "{7D891294-F15B-494E-9260-A94F0BC3B3C0}"
EndProject
Project("{FAE04EC0-301F-11D3-BF4B-00C04F79EFBC}") = "MinecraftRegion.TestConsole", "MinecraftRegion.TestConsole\MinecraftRegion.TestConsole.csproj", "{EB4E3911-3C39-488B-B22E-6CCA26D5BA8E}"
EndProject
Project("{FAE04EC0-301F-11D3-BF4B-00C04F79EFBC}") = "NBT.Business", "NBT.Business\NBT.Business.csproj", "{A96D8016-AAC1-4DD7-99DF-08B488C1B955}"
EndProject
Project("{FAE04EC0-301F-11D3-BF4B-00C04F79EFBC}") = "NBT.Business.Tests", "NBT.Business.Tests\NBT.Business.Tests.csproj", "{A5F2C50D-6257-41C7-BB7D-1B3DC4DD3E00}"
EndProject
Global
	GlobalSection(SolutionConfigurationPlatforms) = preSolution
		Debug|Any CPU = Debug|Any CPU
		Release|Any CPU = Release|Any CPU
	EndGlobalSection
	GlobalSection(ProjectConfigurationPlatforms) = postSolution
		{7D891294-F15B-494E-9260-A94F0BC3B3C0}.Debug|Any CPU.ActiveCfg = Debug|Any CPU
		{7D891294-F15B-494E-9260-A94F0BC3B3C0}.Debug|Any CPU.Build.0 = Debug|Any CPU
		{7D891294-F15B-494E-9260-A94F0BC3B3C0}.Release|Any CPU.ActiveCfg = Release|Any CPU
		{7D891294-F15B-494E-9260-A94F0BC3B3C0}.Release|Any CPU.Build.0 = Release|Any CPU
		{EB4E3911-3C39-488B-B22E-6CCA26D5BA8E}.Debug|Any CPU.ActiveCfg = Debug|Any CPU
		{EB4E3911-3C39-488B-B22E-6CCA26D5BA8E}.Debug|Any CPU.Build.0 = Debug|Any CPU
		{EB4E3911-3C39-488B-B22E-6CCA26D5BA8E}.Release|Any CPU.ActiveCfg = Release|Any CPU
		{EB4E3911-3C39-488B-B22E-6CCA26D5BA8E}.Release|Any CPU.Build.0 = Release|Any CPU
		{A96D8016-AAC1-4DD7-99DF-08B488C1B955}.Debug|Any CPU.ActiveCfg = Debug|Any CPU
		{A96D8016-AAC1-4DD7-99DF-08B488C1B955}.Debug|Any CPU.Build.0 = Debug|Any CPU
		{A96D8016-AAC1-4DD7-99DF-08B488C1B955}.Release|Any CPU.ActiveCfg = Release|Any CPU
		{A96D8016-AAC1-4DD7-99DF-08B488C1B955}.Release|Any CPU.Build.0 = Release|Any CPU
		{A5F2C50D-6257-41C7-BB7D-1B3DC4DD3E00}.Debug|Any CPU.ActiveCfg = Debug|Any CPU
		{A5F2C50D-6257-41C7-BB7D-1B3DC4DD3E00}.Debug|Any CPU.Build.0 = Debug|Any CPU
		{A5F2C50D-6257-41C7-BB7D-1B3DC4DD3E00}.Release|Any CPU.ActiveCfg = Release|Any CPU
		{A5F2C50D-6257-41C7-BB7D-1B3DC4DD3E00}.Release|Any CPU.Build.0 = Release|Any CPU
	EndGlobalSection
	GlobalSection(SolutionProperties) = preSolution
		HideSolutionNode = FALSE
	EndGlobalSection
EndGlobal
